
Microsoft Visual Studio Solution File, Format Version 12.00
# Visual Studio Version 17
VisualStudioVersion = 17.4.33213.308
MinimumVisualStudioVersion = 10.0.40219.1
Project("{FAE04EC0-301F-11D3-BF4B-00C04F79EFBC}") = "Torts", "Torts\Torts.csproj", "{C5584A9E-5269-493D-8F40-55F3AC9D0FF7}"
EndProject
Global
	GlobalSection(SolutionConfigurationPlatforms) = preSolution
		Debug|Any CPU = Debug|Any CPU
		Release|Any CPU = Release|Any CPU
	EndGlobalSection
	GlobalSection(ProjectConfigurationPlatforms) = postSolution
		{C5584A9E-5269-493D-8F40-55F3AC9D0FF7}.Debug|Any CPU.ActiveCfg = Debug|Any CPU
		{C5584A9E-5269-493D-8F40-55F3AC9D0FF7}.Debug|Any CPU.Build.0 = Debug|Any CPU
		{C5584A9E-5269-493D-8F40-55F3AC9D0FF7}.Release|Any CPU.ActiveCfg = Release|Any CPU
		{C5584A9E-5269-493D-8F40-55F3AC9D0FF7}.Release|Any CPU.Build.0 = Release|Any CPU
	EndGlobalSection
	GlobalSection(SolutionProperties) = preSolution
		HideSolutionNode = FALSE
	EndGlobalSection
	GlobalSection(ExtensibilityGlobals) = postSolution
		SolutionGuid = {A6B1C3F7-10A1-4AFC-B703-6E82939F3A78}
	EndGlobalSection
EndGlobal
